// !$*UTF8*$!
{
	archiveVersion = 1;
	classes = {
	};
	objectVersion = 46;
	objects = {

/* Begin PBXBuildFile section */
		702381541BF593C800D54906 /* PhotoQRViewController.m in Sources */ = {isa = PBXBuildFile; fileRef = 702381531BF593C800D54906 /* PhotoQRViewController.m */; };
		702381561BF594D800D54906 /* QRCode@2x.jpg in Resources */ = {isa = PBXBuildFile; fileRef = 702381551BF594D800D54906 /* QRCode@2x.jpg */; };
		707EEEE11BC7E4EA00D0BAC0 /* QRUtil.m in Sources */ = {isa = PBXBuildFile; fileRef = 707EEEE01BC7E4EA00D0BAC0 /* QRUtil.m */; };
		70834D3C1AEB6FAF00570AD1 /* main.m in Sources */ = {isa = PBXBuildFile; fileRef = 70834D3B1AEB6FAF00570AD1 /* main.m */; };
		70834D3F1AEB6FAF00570AD1 /* AppDelegate.m in Sources */ = {isa = PBXBuildFile; fileRef = 70834D3E1AEB6FAF00570AD1 /* AppDelegate.m */; };
		70834D421AEB6FAF00570AD1 /* ViewController.m in Sources */ = {isa = PBXBuildFile; fileRef = 70834D411AEB6FAF00570AD1 /* ViewController.m */; };
		70834D451AEB6FAF00570AD1 /* Main.storyboard in Resources */ = {isa = PBXBuildFile; fileRef = 70834D431AEB6FAF00570AD1 /* Main.storyboard */; };
		70834D471AEB6FAF00570AD1 /* Images.xcassets in Resources */ = {isa = PBXBuildFile; fileRef = 70834D461AEB6FAF00570AD1 /* Images.xcassets */; };
		70834D4A1AEB6FAF00570AD1 /* LaunchScreen.xib in Resources */ = {isa = PBXBuildFile; fileRef = 70834D481AEB6FAF00570AD1 /* LaunchScreen.xib */; };
		70834D561AEB6FB000570AD1 /* QRWeiXinDemoTests.m in Sources */ = {isa = PBXBuildFile; fileRef = 70834D551AEB6FB000570AD1 /* QRWeiXinDemoTests.m */; };
		70834D621AEB703C00570AD1 /* QRView.m in Sources */ = {isa = PBXBuildFile; fileRef = 70834D611AEB703C00570AD1 /* QRView.m */; };
		70834D651AEB70CA00570AD1 /* qr_scan_line@2x.png in Resources */ = {isa = PBXBuildFile; fileRef = 70834D641AEB70CA00570AD1 /* qr_scan_line@2x.png */; };
		70834D681AEB716200570AD1 /* QRViewController.m in Sources */ = {isa = PBXBuildFile; fileRef = 70834D671AEB716200570AD1 /* QRViewController.m */; };
		70C542671AF1B9F1002B2C46 /* QRMenu.m in Sources */ = {isa = PBXBuildFile; fileRef = 70C542661AF1B9F1002B2C46 /* QRMenu.m */; };
		70C5426A1AF1BA3A002B2C46 /* QRItem.m in Sources */ = {isa = PBXBuildFile; fileRef = 70C542691AF1BA3A002B2C46 /* QRItem.m */; };
/* End PBXBuildFile section */

/* Begin PBXContainerItemProxy section */
		70834D501AEB6FB000570AD1 /* PBXContainerItemProxy */ = {
			isa = PBXContainerItemProxy;
			containerPortal = 70834D2E1AEB6FAF00570AD1 /* Project object */;
			proxyType = 1;
			remoteGlobalIDString = 70834D351AEB6FAF00570AD1;
			remoteInfo = QRWeiXinDemo;
		};
/* End PBXContainerItemProxy section */

/* Begin PBXFileReference section */
		702381521BF593C800D54906 /* PhotoQRViewController.h */ = {isa = PBXFileReference; fileEncoding = 4; lastKnownFileType = sourcecode.c.h; path = PhotoQRViewController.h; sourceTree = "<group>"; };
		702381531BF593C800D54906 /* PhotoQRViewController.m */ = {isa = PBXFileReference; fileEncoding = 4; lastKnownFileType = sourcecode.c.objc; path = PhotoQRViewController.m; sourceTree = "<group>"; };
		702381551BF594D800D54906 /* QRCode@2x.jpg */ = {isa = PBXFileReference; lastKnownFileType = image.jpeg; path = "QRCode@2x.jpg"; sourceTree = "<group>"; };
		707EEEDF1BC7E4EA00D0BAC0 /* QRUtil.h */ = {isa = PBXFileReference; fileEncoding = 4; lastKnownFileType = sourcecode.c.h; path = QRUtil.h; sourceTree = "<group>"; };
		707EEEE01BC7E4EA00D0BAC0 /* QRUtil.m */ = {isa = PBXFileReference; fileEncoding = 4; lastKnownFileType = sourcecode.c.objc; path = QRUtil.m; sourceTree = "<group>"; };
		70834D361AEB6FAF00570AD1 /* QRWeiXinDemo.app */ = {isa = PBXFileReference; explicitFileType = wrapper.application; includeInIndex = 0; path = QRWeiXinDemo.app; sourceTree = BUILT_PRODUCTS_DIR; };
		70834D3A1AEB6FAF00570AD1 /* Info.plist */ = {isa = PBXFileReference; lastKnownFileType = text.plist.xml; path = Info.plist; sourceTree = "<group>"; };
		70834D3B1AEB6FAF00570AD1 /* main.m */ = {isa = PBXFileReference; lastKnownFileType = sourcecode.c.objc; path = main.m; sourceTree = "<group>"; };
		70834D3D1AEB6FAF00570AD1 /* AppDelegate.h */ = {isa = PBXFileReference; lastKnownFileType = sourcecode.c.h; path = AppDelegate.h; sourceTree = "<group>"; };
		70834D3E1AEB6FAF00570AD1 /* AppDelegate.m */ = {isa = PBXFileReference; lastKnownFileType = sourcecode.c.objc; path = AppDelegate.m; sourceTree = "<group>"; };
		70834D401AEB6FAF00570AD1 /* ViewController.h */ = {isa = PBXFileReference; lastKnownFileType = sourcecode.c.h; path = ViewController.h; sourceTree = "<group>"; };
		70834D411AEB6FAF00570AD1 /* ViewController.m */ = {isa = PBXFileReference; lastKnownFileType = sourcecode.c.objc; path = ViewController.m; sourceTree = "<group>"; };
		70834D441AEB6FAF00570AD1 /* Base */ = {isa = PBXFileReference; lastKnownFileType = file.storyboard; name = Base; path = Base.lproj/Main.storyboard; sourceTree = "<group>"; };
		70834D461AEB6FAF00570AD1 /* Images.xcassets */ = {isa = PBXFileReference; lastKnownFileType = folder.assetcatalog; path = Images.xcassets; sourceTree = "<group>"; };
		70834D491AEB6FAF00570AD1 /* Base */ = {isa = PBXFileReference; lastKnownFileType = file.xib; name = Base; path = Base.lproj/LaunchScreen.xib; sourceTree = "<group>"; };
		70834D4F1AEB6FB000570AD1 /* QRWeiXinDemoTests.xctest */ = {isa = PBXFileReference; explicitFileType = wrapper.cfbundle; includeInIndex = 0; path = QRWeiXinDemoTests.xctest; sourceTree = BUILT_PRODUCTS_DIR; };
		70834D541AEB6FB000570AD1 /* Info.plist */ = {isa = PBXFileReference; lastKnownFileType = text.plist.xml; path = Info.plist; sourceTree = "<group>"; };
		70834D551AEB6FB000570AD1 /* QRWeiXinDemoTests.m */ = {isa = PBXFileReference; lastKnownFileType = sourcecode.c.objc; path = QRWeiXinDemoTests.m; sourceTree = "<group>"; };
		70834D601AEB703C00570AD1 /* QRView.h */ = {isa = PBXFileReference; fileEncoding = 4; lastKnownFileType = sourcecode.c.h; path = QRView.h; sourceTree = "<group>"; };
		70834D611AEB703C00570AD1 /* QRView.m */ = {isa = PBXFileReference; fileEncoding = 4; lastKnownFileType = sourcecode.c.objc; path = QRView.m; sourceTree = "<group>"; };
		70834D641AEB70CA00570AD1 /* qr_scan_line@2x.png */ = {isa = PBXFileReference; lastKnownFileType = image.png; path = "qr_scan_line@2x.png"; sourceTree = "<group>"; };
		70834D661AEB716100570AD1 /* QRViewController.h */ = {isa = PBXFileReference; fileEncoding = 4; lastKnownFileType = sourcecode.c.h; path = QRViewController.h; sourceTree = "<group>"; };
		70834D671AEB716200570AD1 /* QRViewController.m */ = {isa = PBXFileReference; fileEncoding = 4; lastKnownFileType = sourcecode.c.objc; path = QRViewController.m; sourceTree = "<group>"; };
		70C542651AF1B9F1002B2C46 /* QRMenu.h */ = {isa = PBXFileReference; fileEncoding = 4; lastKnownFileType = sourcecode.c.h; path = QRMenu.h; sourceTree = "<group>"; };
		70C542661AF1B9F1002B2C46 /* QRMenu.m */ = {isa = PBXFileReference; fileEncoding = 4; lastKnownFileType = sourcecode.c.objc; path = QRMenu.m; sourceTree = "<group>"; };
		70C542681AF1BA3A002B2C46 /* QRItem.h */ = {isa = PBXFileReference; fileEncoding = 4; lastKnownFileType = sourcecode.c.h; path = QRItem.h; sourceTree = "<group>"; };
		70C542691AF1BA3A002B2C46 /* QRItem.m */ = {isa = PBXFileReference; fileEncoding = 4; lastKnownFileType = sourcecode.c.objc; path = QRItem.m; sourceTree = "<group>"; };
/* End PBXFileReference section */

/* Begin PBXFrameworksBuildPhase section */
		70834D331AEB6FAF00570AD1 /* Frameworks */ = {
			isa = PBXFrameworksBuildPhase;
			buildActionMask = 2147483647;
			files = (
			);
			runOnlyForDeploymentPostprocessing = 0;
		};
		70834D4C1AEB6FB000570AD1 /* Frameworks */ = {
			isa = PBXFrameworksBuildPhase;
			buildActionMask = 2147483647;
			files = (
			);
			runOnlyForDeploymentPostprocessing = 0;
		};
/* End PBXFrameworksBuildPhase section */

/* Begin PBXGroup section */
		70834D2D1AEB6FAF00570AD1 = {
			isa = PBXGroup;
			children = (
				70834D631AEB70BC00570AD1 /* Resource */,
				70834D5F1AEB702700570AD1 /* QRView */,
				70834D381AEB6FAF00570AD1 /* QRWeiXinDemo */,
				70834D521AEB6FB000570AD1 /* QRWeiXinDemoTests */,
				70834D371AEB6FAF00570AD1 /* Products */,
			);
			sourceTree = "<group>";
		};
		70834D371AEB6FAF00570AD1 /* Products */ = {
			isa = PBXGroup;
			children = (
				70834D361AEB6FAF00570AD1 /* QRWeiXinDemo.app */,
				70834D4F1AEB6FB000570AD1 /* QRWeiXinDemoTests.xctest */,
			);
			name = Products;
			sourceTree = "<group>";
		};
		70834D381AEB6FAF00570AD1 /* QRWeiXinDemo */ = {
			isa = PBXGroup;
			children = (
				70834D3D1AEB6FAF00570AD1 /* AppDelegate.h */,
				70834D3E1AEB6FAF00570AD1 /* AppDelegate.m */,
				70834D401AEB6FAF00570AD1 /* ViewController.h */,
				70834D411AEB6FAF00570AD1 /* ViewController.m */,
				70834D661AEB716100570AD1 /* QRViewController.h */,
				70834D671AEB716200570AD1 /* QRViewController.m */,
				702381521BF593C800D54906 /* PhotoQRViewController.h */,
				702381531BF593C800D54906 /* PhotoQRViewController.m */,
				707EEEDF1BC7E4EA00D0BAC0 /* QRUtil.h */,
				707EEEE01BC7E4EA00D0BAC0 /* QRUtil.m */,
				70834D431AEB6FAF00570AD1 /* Main.storyboard */,
				70834D461AEB6FAF00570AD1 /* Images.xcassets */,
				70834D481AEB6FAF00570AD1 /* LaunchScreen.xib */,
				70834D391AEB6FAF00570AD1 /* Supporting Files */,
			);
			path = QRWeiXinDemo;
			sourceTree = "<group>";
		};
		70834D391AEB6FAF00570AD1 /* Supporting Files */ = {
			isa = PBXGroup;
			children = (
				70834D3A1AEB6FAF00570AD1 /* Info.plist */,
				70834D3B1AEB6FAF00570AD1 /* main.m */,
			);
			name = "Supporting Files";
			sourceTree = "<group>";
		};
		70834D521AEB6FB000570AD1 /* QRWeiXinDemoTests */ = {
			isa = PBXGroup;
			children = (
				70834D551AEB6FB000570AD1 /* QRWeiXinDemoTests.m */,
				70834D531AEB6FB000570AD1 /* Supporting Files */,
			);
			path = QRWeiXinDemoTests;
			sourceTree = "<group>";
		};
		70834D531AEB6FB000570AD1 /* Supporting Files */ = {
			isa = PBXGroup;
			children = (
				70834D541AEB6FB000570AD1 /* Info.plist */,
			);
			name = "Supporting Files";
			sourceTree = "<group>";
		};
		70834D5F1AEB702700570AD1 /* QRView */ = {
			isa = PBXGroup;
			children = (
				70834D601AEB703C00570AD1 /* QRView.h */,
				70834D611AEB703C00570AD1 /* QRView.m */,
				70C542651AF1B9F1002B2C46 /* QRMenu.h */,
				70C542661AF1B9F1002B2C46 /* QRMenu.m */,
				70C542681AF1BA3A002B2C46 /* QRItem.h */,
				70C542691AF1BA3A002B2C46 /* QRItem.m */,
			);
			path = QRView;
			sourceTree = SOURCE_ROOT;
		};
		70834D631AEB70BC00570AD1 /* Resource */ = {
			isa = PBXGroup;
			children = (
				702381551BF594D800D54906 /* QRCode@2x.jpg */,
				70834D641AEB70CA00570AD1 /* qr_scan_line@2x.png */,
			);
			path = Resource;
			sourceTree = "<group>";
		};
/* End PBXGroup section */

/* Begin PBXNativeTarget section */
		70834D351AEB6FAF00570AD1 /* QRWeiXinDemo */ = {
			isa = PBXNativeTarget;
			buildConfigurationList = 70834D591AEB6FB000570AD1 /* Build configuration list for PBXNativeTarget "QRWeiXinDemo" */;
			buildPhases = (
				70834D321AEB6FAF00570AD1 /* Sources */,
				70834D331AEB6FAF00570AD1 /* Frameworks */,
				70834D341AEB6FAF00570AD1 /* Resources */,
			);
			buildRules = (
			);
			dependencies = (
			);
			name = QRWeiXinDemo;
			productName = QRWeiXinDemo;
			productReference = 70834D361AEB6FAF00570AD1 /* QRWeiXinDemo.app */;
			productType = "com.apple.product-type.application";
		};
		70834D4E1AEB6FB000570AD1 /* QRWeiXinDemoTests */ = {
			isa = PBXNativeTarget;
			buildConfigurationList = 70834D5C1AEB6FB000570AD1 /* Build configuration list for PBXNativeTarget "QRWeiXinDemoTests" */;
			buildPhases = (
				70834D4B1AEB6FB000570AD1 /* Sources */,
				70834D4C1AEB6FB000570AD1 /* Frameworks */,
				70834D4D1AEB6FB000570AD1 /* Resources */,
			);
			buildRules = (
			);
			dependencies = (
				70834D511AEB6FB000570AD1 /* PBXTargetDependency */,
			);
			name = QRWeiXinDemoTests;
			productName = QRWeiXinDemoTests;
			productReference = 70834D4F1AEB6FB000570AD1 /* QRWeiXinDemoTests.xctest */;
			productType = "com.apple.product-type.bundle.unit-test";
		};
/* End PBXNativeTarget section */

/* Begin PBXProject section */
		70834D2E1AEB6FAF00570AD1 /* Project object */ = {
			isa = PBXProject;
			attributes = {
				LastUpgradeCheck = 0610;
				ORGANIZATIONNAME = lovelydd;
				TargetAttributes = {
					70834D351AEB6FAF00570AD1 = {
						CreatedOnToolsVersion = 6.1;
					};
					70834D4E1AEB6FB000570AD1 = {
						CreatedOnToolsVersion = 6.1;
						TestTargetID = 70834D351AEB6FAF00570AD1;
					};
				};
			};
			buildConfigurationList = 70834D311AEB6FAF00570AD1 /* Build configuration list for PBXProject "QRWeiXinDemo" */;
			compatibilityVersion = "Xcode 3.2";
			developmentRegion = English;
			hasScannedForEncodings = 0;
			knownRegions = (
				en,
				Base,
			);
			mainGroup = 70834D2D1AEB6FAF00570AD1;
			productRefGroup = 70834D371AEB6FAF00570AD1 /* Products */;
			projectDirPath = "";
			projectRoot = "";
			targets = (
				70834D351AEB6FAF00570AD1 /* QRWeiXinDemo */,
				70834D4E1AEB6FB000570AD1 /* QRWeiXinDemoTests */,
			);
		};
/* End PBXProject section */

/* Begin PBXResourcesBuildPhase section */
		70834D341AEB6FAF00570AD1 /* Resources */ = {
			isa = PBXResourcesBuildPhase;
			buildActionMask = 2147483647;
			files = (
				70834D451AEB6FAF00570AD1 /* Main.storyboard in Resources */,
				70834D4A1AEB6FAF00570AD1 /* LaunchScreen.xib in Resources */,
				70834D651AEB70CA00570AD1 /* qr_scan_line@2x.png in Resources */,
				702381561BF594D800D54906 /* QRCode@2x.jpg in Resources */,
				70834D471AEB6FAF00570AD1 /* Images.xcassets in Resources */,
			);
			runOnlyForDeploymentPostprocessing = 0;
		};
		70834D4D1AEB6FB000570AD1 /* Resources */ = {
			isa = PBXResourcesBuildPhase;
			buildActionMask = 2147483647;
			files = (
			);
			runOnlyForDeploymentPostprocessing = 0;
		};
/* End PBXResourcesBuildPhase section */

/* Begin PBXSourcesBuildPhase section */
		70834D321AEB6FAF00570AD1 /* Sources */ = {
			isa = PBXSourcesBuildPhase;
			buildActionMask = 2147483647;
			files = (
				70C5426A1AF1BA3A002B2C46 /* QRItem.m in Sources */,
				70834D421AEB6FAF00570AD1 /* ViewController.m in Sources */,
				70C542671AF1B9F1002B2C46 /* QRMenu.m in Sources */,
				70834D621AEB703C00570AD1 /* QRView.m in Sources */,
				707EEEE11BC7E4EA00D0BAC0 /* QRUtil.m in Sources */,
				70834D681AEB716200570AD1 /* QRViewController.m in Sources */,
				70834D3F1AEB6FAF00570AD1 /* AppDelegate.m in Sources */,
				70834D3C1AEB6FAF00570AD1 /* main.m in Sources */,
				702381541BF593C800D54906 /* PhotoQRViewController.m in Sources */,
			);
			runOnlyForDeploymentPostprocessing = 0;
		};
		70834D4B1AEB6FB000570AD1 /* Sources */ = {
			isa = PBXSourcesBuildPhase;
			buildActionMask = 2147483647;
			files = (
				70834D561AEB6FB000570AD1 /* QRWeiXinDemoTests.m in Sources */,
			);
			runOnlyForDeploymentPostprocessing = 0;
		};
/* End PBXSourcesBuildPhase section */

/* Begin PBXTargetDependency section */
		70834D511AEB6FB000570AD1 /* PBXTargetDependency */ = {
			isa = PBXTargetDependency;
			target = 70834D351AEB6FAF00570AD1 /* QRWeiXinDemo */;
			targetProxy = 70834D501AEB6FB000570AD1 /* PBXContainerItemProxy */;
		};
/* End PBXTargetDependency section */

/* Begin PBXVariantGroup section */
		70834D431AEB6FAF00570AD1 /* Main.storyboard */ = {
			isa = PBXVariantGroup;
			children = (
				70834D441AEB6FAF00570AD1 /* Base */,
			);
			name = Main.storyboard;
			sourceTree = "<group>";
		};
		70834D481AEB6FAF00570AD1 /* LaunchScreen.xib */ = {
			isa = PBXVariantGroup;
			children = (
				70834D491AEB6FAF00570AD1 /* Base */,
			);
			name = LaunchScreen.xib;
			sourceTree = "<group>";
		};
/* End PBXVariantGroup section */

/* Begin XCBuildConfiguration section */
		70834D571AEB6FB000570AD1 /* Debug */ = {
			isa = XCBuildConfiguration;
			buildSettings = {
				ALWAYS_SEARCH_USER_PATHS = NO;
				CLANG_CXX_LANGUAGE_STANDARD = "gnu++0x";
				CLANG_CXX_LIBRARY = "libc++";
				CLANG_ENABLE_MODULES = YES;
				CLANG_ENABLE_OBJC_ARC = YES;
				CLANG_WARN_BOOL_CONVERSION = YES;
				CLANG_WARN_CONSTANT_CONVERSION = YES;
				CLANG_WARN_DIRECT_OBJC_ISA_USAGE = YES_ERROR;
				CLANG_WARN_EMPTY_BODY = YES;
				CLANG_WARN_ENUM_CONVERSION = YES;
				CLANG_WARN_INT_CONVERSION = YES;
				CLANG_WARN_OBJC_ROOT_CLASS = YES_ERROR;
				CLANG_WARN_UNREACHABLE_CODE = YES;
				CLANG_WARN__DUPLICATE_METHOD_MATCH = YES;
				"CODE_SIGN_IDENTITY[sdk=iphoneos*]" = "iPhone Developer";
				COPY_PHASE_STRIP = NO;
				ENABLE_STRICT_OBJC_MSGSEND = YES;
				GCC_C_LANGUAGE_STANDARD = gnu99;
				GCC_DYNAMIC_NO_PIC = NO;
				GCC_OPTIMIZATION_LEVEL = 0;
				GCC_PREPROCESSOR_DEFINITIONS = (
					"DEBUG=1",
					"$(inherited)",
				);
				GCC_SYMBOLS_PRIVATE_EXTERN = NO;
				GCC_WARN_64_TO_32_BIT_CONVERSION = YES;
				GCC_WARN_ABOUT_RETURN_TYPE = YES_ERROR;
				GCC_WARN_UNDECLARED_SELECTOR = YES;
				GCC_WARN_UNINITIALIZED_AUTOS = YES_AGGRESSIVE;
				GCC_WARN_UNUSED_FUNCTION = YES;
				GCC_WARN_UNUSED_VARIABLE = YES;
				IPHONEOS_DEPLOYMENT_TARGET = 8.1;
				MTL_ENABLE_DEBUG_INFO = YES;
				ONLY_ACTIVE_ARCH = YES;
				SDKROOT = iphoneos;
			};
			name = Debug;
		};
		70834D581AEB6FB000570AD1 /* Release */ = {
			isa = XCBuildConfiguration;
			buildSettings = {
				ALWAYS_SEARCH_USER_PATHS = NO;
				CLANG_CXX_LANGUAGE_STANDARD = "gnu++0x";
				CLANG_CXX_LIBRARY = "libc++";
				CLANG_ENABLE_MODULES = YES;
				CLANG_ENABLE_OBJC_ARC = YES;
				CLANG_WARN_BOOL_CONVERSION = YES;
				CLANG_WARN_CONSTANT_CONVERSION = YES;
				CLANG_WARN_DIRECT_OBJC_ISA_USAGE = YES_ERROR;
				CLANG_WARN_EMPTY_BODY = YES;
				CLANG_WARN_ENUM_CONVERSION = YES;
				CLANG_WARN_INT_CONVERSION = YES;
				CLANG_WARN_OBJC_ROOT_CLASS = YES_ERROR;
				CLANG_WARN_UNREACHABLE_CODE = YES;
				CLANG_WARN__DUPLICATE_METHOD_MATCH = YES;
				"CODE_SIGN_IDENTITY[sdk=iphoneos*]" = "iPhone Developer";
				COPY_PHASE_STRIP = YES;
				ENABLE_NS_ASSERTIONS = NO;
				ENABLE_STRICT_OBJC_MSGSEND = YES;
				GCC_C_LANGUAGE_STANDARD = gnu99;
				GCC_WARN_64_TO_32_BIT_CONVERSION = YES;
				GCC_WARN_ABOUT_RETURN_TYPE = YES_ERROR;
				GCC_WARN_UNDECLARED_SELECTOR = YES;
				GCC_WARN_UNINITIALIZED_AUTOS = YES_AGGRESSIVE;
				GCC_WARN_UNUSED_FUNCTION = YES;
				GCC_WARN_UNUSED_VARIABLE = YES;
				IPHONEOS_DEPLOYMENT_TARGET = 8.1;
				MTL_ENABLE_DEBUG_INFO = NO;
				SDKROOT = iphoneos;
				VALIDATE_PRODUCT = YES;
			};
			name = Release;
		};
		70834D5A1AEB6FB000570AD1 /* Debug */ = {
			isa = XCBuildConfiguration;
			buildSettings = {
				ASSETCATALOG_COMPILER_APPICON_NAME = AppIcon;
				CODE_SIGN_IDENTITY = "iPhone Developer";
				"CODE_SIGN_IDENTITY[sdk=iphoneos*]" = "iPhone Developer";
				INFOPLIST_FILE = QRWeiXinDemo/Info.plist;
				IPHONEOS_DEPLOYMENT_TARGET = 7.0;
				LD_RUNPATH_SEARCH_PATHS = "$(inherited) @executable_path/Frameworks";
				PRODUCT_NAME = "$(TARGET_NAME)";
				PROVISIONING_PROFILE = "";
			};
			name = Debug;
		};
		70834D5B1AEB6FB000570AD1 /* Release */ = {
			isa = XCBuildConfiguration;
			buildSettings = {
				ASSETCATALOG_COMPILER_APPICON_NAME = AppIcon;
				CODE_SIGN_IDENTITY = "iPhone Developer";
				"CODE_SIGN_IDENTITY[sdk=iphoneos*]" = "iPhone Developer";
				INFOPLIST_FILE = QRWeiXinDemo/Info.plist;
				IPHONEOS_DEPLOYMENT_TARGET = 7.0;
				LD_RUNPATH_SEARCH_PATHS = "$(inherited) @executable_path/Frameworks";
				PRODUCT_NAME = "$(TARGET_NAME)";
				PROVISIONING_PROFILE = "";
			};
			name = Release;
		};
		70834D5D1AEB6FB000570AD1 /* Debug */ = {
			isa = XCBuildConfiguration;
			buildSettings = {
				BUNDLE_LOADER = "$(TEST_HOST)";
				FRAMEWORK_SEARCH_PATHS = (
					"$(SDKROOT)/Developer/Library/Frameworks",
					"$(inherited)",
				);
				GCC_PREPROCESSOR_DEFINITIONS = (
					"DEBUG=1",
					"$(inherited)",
				);
				INFOPLIST_FILE = QRWeiXinDemoTests/Info.plist;
				LD_RUNPATH_SEARCH_PATHS = "$(inherited) @executable_path/Frameworks @loader_path/Frameworks";
				PRODUCT_NAME = "$(TARGET_NAME)";
				TEST_HOST = "$(BUILT_PRODUCTS_DIR)/QRWeiXinDemo.app/QRWeiXinDemo";
			};
			name = Debug;
		};
		70834D5E1AEB6FB000570AD1 /* Release */ = {
			isa = XCBuildConfiguration;
			buildSettings = {
				BUNDLE_LOADER = "$(TEST_HOST)";
				FRAMEWORK_SEARCH_PATHS = (
					"$(SDKROOT)/Developer/Library/Frameworks",
					"$(inherited)",
				);
				INFOPLIST_FILE = QRWeiXinDemoTests/Info.plist;
				LD_RUNPATH_SEARCH_PATHS = "$(inherited) @executable_path/Frameworks @loader_path/Frameworks";
				PRODUCT_NAME = "$(TARGET_NAME)";
				TEST_HOST = "$(BUILT_PRODUCTS_DIR)/QRWeiXinDemo.app/QRWeiXinDemo";
			};
			name = Release;
		};
/* End XCBuildConfiguration section */

/* Begin XCConfigurationList section */
		70834D311AEB6FAF00570AD1 /* Build configuration list for PBXProject "QRWeiXinDemo" */ = {
			isa = XCConfigurationList;
			buildConfigurations = (
				70834D571AEB6FB000570AD1 /* Debug */,
				70834D581AEB6FB000570AD1 /* Release */,
			);
			defaultConfigurationIsVisible = 0;
			defaultConfigurationName = Release;
		};
		70834D591AEB6FB000570AD1 /* Build configuration list for PBXNativeTarget "QRWeiXinDemo" */ = {
			isa = XCConfigurationList;
			buildConfigurations = (
				70834D5A1AEB6FB000570AD1 /* Debug */,
				70834D5B1AEB6FB000570AD1 /* Release */,
			);
			defaultConfigurationIsVisible = 0;
			defaultConfigurationName = Release;
		};
		70834D5C1AEB6FB000570AD1 /* Build configuration list for PBXNativeTarget "QRWeiXinDemoTests" */ = {
			isa = XCConfigurationList;
			buildConfigurations = (
				70834D5D1AEB6FB000570AD1 /* Debug */,
				70834D5E1AEB6FB000570AD1 /* Release */,
			);
			defaultConfigurationIsVisible = 0;
			defaultConfigurationName = Release;
		};
/* End XCConfigurationList section */
	};
	rootObject = 70834D2E1AEB6FAF00570AD1 /* Project object */;
}
